// !$*UTF8*$!
{
	archiveVersion = 1;
	classes = {
	};
	objectVersion = 56;
	objects = {

/* Begin PBXBuildFile section */
		AA023BE02F834B6100D6266A /* CoinDetailModel.swift in Sources */ = {isa = PBXBuildFile; fileRef = AA023BDF2F834B6100D6266A /* CoinDetailModel.swift */; };
		AA023BE22F834D4900D6266A /* CoinDetailDataService.swift in Sources */ = {isa = PBXBuildFile; fileRef = AA023BE12F834D4900D6266A /* CoinDetailDataService.swift */; };
		AA023BE42F834EBC00D6266A /* DetailViewModel.swift in Sources */ = {isa = PBXBuildFile; fileRef = AA023BE32F834EBC00D6266A /* DetailViewModel.swift */; };
		AA023BE62F8368DB00D6266A /* PreviewProvider.swift in Sources */ = {isa = PBXBuildFile; fileRef = AA023BE52F8368DB00D6266A /* PreviewProvider.swift */; };
		AA3D6B812F8C2C3400FB3F52 /* Launch Screen.storyboard in Resources */ = {isa = PBXBuildFile; fileRef = AA3D6B802F8C2C3400FB3F52 /* Launch Screen.storyboard */; };
		AA3D6B832F8C2E8000FB3F52 /* LaunchView.swift in Sources */ = {isa = PBXBuildFile; fileRef = AA3D6B822F8C2E8000FB3F52 /* LaunchView.swift */; };
		AA3EE5E42F71EEA300594EA2 /* HomeViewModel.swift in Sources */ = {isa = PBXBuildFile; fileRef = AA3EE5E32F71EEA300594EA2 /* HomeViewModel.swift */; };
		AA3EE5E72F72022A00594EA2 /* CoinDataService.swift in Sources */ = {isa = PBXBuildFile; fileRef = AA3EE5E62F72022A00594EA2 /* CoinDataService.swift */; };
		AA3EE5EA2F721FD500594EA2 /* NetworkingManager.swift in Sources */ = {isa = PBXBuildFile; fileRef = AA3EE5E92F721FD500594EA2 /* NetworkingManager.swift */; };
		AA431C052F7C230E0027C239 /* PortfolioContainer.xcdatamodeld in Sources */ = {isa = PBXBuildFile; fileRef = AA431C032F7C230E0027C239 /* PortfolioContainer.xcdatamodeld */; };
		AA431C072F7C241E0027C239 /* PortfolioDataService.swift in Sources */ = {isa = PBXBuildFile; fileRef = AA431C062F7C241E0027C239 /* PortfolioDataService.swift */; };
		AA50EDFC2F6F6BAD00C06D07 /* CoinModel.swift in Sources */ = {isa = PBXBuildFile; fileRef = AA50EDFB2F6F6BAD00C06D07 /* CoinModel.swift */; };
		AA50EDFE2F6F874B00C06D07 /* CoinRowView.swift in Sources */ = {isa = PBXBuildFile; fileRef = AA50EDFD2F6F874B00C06D07 /* CoinRowView.swift */; };
		AA50EE002F6F88D200C06D07 /* Double.swift in Sources */ = {isa = PBXBuildFile; fileRef = AA50EDFF2F6F88D200C06D07 /* Double.swift */; };
		AA588ED32F7B41240024CA11 /* MarketDataService.swift in Sources */ = {isa = PBXBuildFile; fileRef = AA588ED22F7B41240024CA11 /* MarketDataService.swift */; };
		AA588ED52F7B41940024CA11 /* MarketDataModel.swift in Sources */ = {isa = PBXBuildFile; fileRef = AA588ED42F7B41940024CA11 /* MarketDataModel.swift */; };
		AA588ED72F7B5FCA0024CA11 /* PortfolioView.swift in Sources */ = {isa = PBXBuildFile; fileRef = AA588ED62F7B5FCA0024CA11 /* PortfolioView.swift */; };
		AA588ED92F7B61950024CA11 /* XMarkButton.swift in Sources */ = {isa = PBXBuildFile; fileRef = AA588ED82F7B61950024CA11 /* XMarkButton.swift */; };
		AA588EDB2F7B68F10024CA11 /* CoinLogoView.swift in Sources */ = {isa = PBXBuildFile; fileRef = AA588EDA2F7B68F10024CA11 /* CoinLogoView.swift */; };
		AA5892F22F6E26F40073EFE3 /* CryptoApp.swift in Sources */ = {isa = PBXBuildFile; fileRef = AA5892F12F6E26F40073EFE3 /* CryptoApp.swift */; };
		AA5892F62F6E26F50073EFE3 /* Assets.xcassets in Resources */ = {isa = PBXBuildFile; fileRef = AA5892F52F6E26F50073EFE3 /* Assets.xcassets */; };
		AA5892F92F6E26F50073EFE3 /* Preview Assets.xcassets in Resources */ = {isa = PBXBuildFile; fileRef = AA5892F82F6E26F50073EFE3 /* Preview Assets.xcassets */; };
		AA5893012F6E288B0073EFE3 /* Color.swift in Sources */ = {isa = PBXBuildFile; fileRef = AA5893002F6E288B0073EFE3 /* Color.swift */; };
		AA5893092F6E37620073EFE3 /* HomeView.swift in Sources */ = {isa = PBXBuildFile; fileRef = AA5893082F6E37620073EFE3 /* HomeView.swift */; };
		AA58930B2F6E38A60073EFE3 /* CircleButtonView.swift in Sources */ = {isa = PBXBuildFile; fileRef = AA58930A2F6E38A60073EFE3 /* CircleButtonView.swift */; };
		AA58930D2F6E3CE00073EFE3 /* CircleButtonAnimation.swift in Sources */ = {isa = PBXBuildFile; fileRef = AA58930C2F6E3CE00073EFE3 /* CircleButtonAnimation.swift */; };
		AA8B9D642F78B2FF0070C0A1 /* CoinImageView.swift in Sources */ = {isa = PBXBuildFile; fileRef = AA8B9D632F78B2FF0070C0A1 /* CoinImageView.swift */; };
		AA8B9D662F78B31B0070C0A1 /* CoinImageViewModel.swift in Sources */ = {isa = PBXBuildFile; fileRef = AA8B9D652F78B31B0070C0A1 /* CoinImageViewModel.swift */; };
		AA8B9D682F78B3DE0070C0A1 /* CoinImageService.swift in Sources */ = {isa = PBXBuildFile; fileRef = AA8B9D672F78B3DE0070C0A1 /* CoinImageService.swift */; };
		AA8B9D6A2F79D97E0070C0A1 /* LocalFileManager.swift in Sources */ = {isa = PBXBuildFile; fileRef = AA8B9D692F79D97E0070C0A1 /* LocalFileManager.swift */; };
		AA8B9D6C2F79F2B00070C0A1 /* SearchBarView.swift in Sources */ = {isa = PBXBuildFile; fileRef = AA8B9D6B2F79F2B00070C0A1 /* SearchBarView.swift */; };
		AA8B9D6E2F79F6A60070C0A1 /* UIApplication.swift in Sources */ = {isa = PBXBuildFile; fileRef = AA8B9D6D2F79F6A60070C0A1 /* UIApplication.swift */; };
		AA8B9D702F7A14D20070C0A1 /* StatisticModel.swift in Sources */ = {isa = PBXBuildFile; fileRef = AA8B9D6F2F7A14D20070C0A1 /* StatisticModel.swift */; };
		AA8B9D722F7A156D0070C0A1 /* StatisticView.swift in Sources */ = {isa = PBXBuildFile; fileRef = AA8B9D712F7A156D0070C0A1 /* StatisticView.swift */; };
		AA8B9D742F7A1B360070C0A1 /* HomeStatsView.swift in Sources */ = {isa = PBXBuildFile; fileRef = AA8B9D732F7A1B360070C0A1 /* HomeStatsView.swift */; };
		AA979E932F820D4400B6493B /* DetailView.swift in Sources */ = {isa = PBXBuildFile; fileRef = AA979E922F820D4400B6493B /* DetailView.swift */; };
		AA979E952F820D5600B6493B /* LoadingDetailView.swift in Sources */ = {isa = PBXBuildFile; fileRef = AA979E942F820D5600B6493B /* LoadingDetailView.swift */; };
		AAD70D0A2F87F9E600B5F809 /* SettingsView.swift in Sources */ = {isa = PBXBuildFile; fileRef = AAD70D092F87F9E600B5F809 /* SettingsView.swift */; };
		AAF9F1D12F7E078600FB9B3B /* HapticManager.swift in Sources */ = {isa = PBXBuildFile; fileRef = AAF9F1D02F7E078600FB9B3B /* HapticManager.swift */; };
		AAFAAD402F840E8100CF2302 /* ChartView.swift in Sources */ = {isa = PBXBuildFile; fileRef = AAFAAD3F2F840E8100CF2302 /* ChartView.swift */; };
		AAFAAD422F84508500CF2302 /* Date.swift in Sources */ = {isa = PBXBuildFile; fileRef = AAFAAD412F84508500CF2302 /* Date.swift */; };
		AAFAAD442F8473C200CF2302 /* String.swift in Sources */ = {isa = PBXBuildFile; fileRef = AAFAAD432F8473C200CF2302 /* String.swift */; };
/* End PBXBuildFile section */

/* Begin PBXFileReference section */
		AA023BDF2F834B6100D6266A /* CoinDetailModel.swift */ = {isa = PBXFileReference; lastKnownFileType = sourcecode.swift; path = CoinDetailModel.swift; sourceTree = "<group>"; };
		AA023BE12F834D4900D6266A /* CoinDetailDataService.swift */ = {isa = PBXFileReference; lastKnownFileType = sourcecode.swift; path = CoinDetailDataService.swift; sourceTree = "<group>"; };
		AA023BE32F834EBC00D6266A /* DetailViewModel.swift */ = {isa = PBXFileReference; lastKnownFileType = sourcecode.swift; path = DetailViewModel.swift; sourceTree = "<group>"; };
		AA023BE52F8368DB00D6266A /* PreviewProvider.swift */ = {isa = PBXFileReference; lastKnownFileType = sourcecode.swift; path = PreviewProvider.swift; sourceTree = "<group>"; };
		AA3D6B802F8C2C3400FB3F52 /* Launch Screen.storyboard */ = {isa = PBXFileReference; lastKnownFileType = file.storyboard; path = "Launch Screen.storyboard"; sourceTree = "<group>"; };
		AA3D6B822F8C2E8000FB3F52 /* LaunchView.swift */ = {isa = PBXFileReference; lastKnownFileType = sourcecode.swift; path = LaunchView.swift; sourceTree = "<group>"; };
		AA3EE5E32F71EEA300594EA2 /* HomeViewModel.swift */ = {isa = PBXFileReference; lastKnownFileType = sourcecode.swift; path = HomeViewModel.swift; sourceTree = "<group>"; };
		AA3EE5E62F72022A00594EA2 /* CoinDataService.swift */ = {isa = PBXFileReference; lastKnownFileType = sourcecode.swift; path = CoinDataService.swift; sourceTree = "<group>"; };
		AA3EE5E92F721FD500594EA2 /* NetworkingManager.swift */ = {isa = PBXFileReference; lastKnownFileType = sourcecode.swift; path = NetworkingManager.swift; sourceTree = "<group>"; };
		AA431C042F7C230E0027C239 /* PortfolioContainer.xcdatamodel */ = {isa = PBXFileReference; lastKnownFileType = wrapper.xcdatamodel; path = PortfolioContainer.xcdatamodel; sourceTree = "<group>"; };
		AA431C062F7C241E0027C239 /* PortfolioDataService.swift */ = {isa = PBXFileReference; lastKnownFileType = sourcecode.swift; path = PortfolioDataService.swift; sourceTree = "<group>"; };
		AA50EDFB2F6F6BAD00C06D07 /* CoinModel.swift */ = {isa = PBXFileReference; lastKnownFileType = sourcecode.swift; path = CoinModel.swift; sourceTree = "<group>"; };
		AA50EDFD2F6F874B00C06D07 /* CoinRowView.swift */ = {isa = PBXFileReference; lastKnownFileType = sourcecode.swift; path = CoinRowView.swift; sourceTree = "<group>"; };
		AA50EDFF2F6F88D200C06D07 /* Double.swift */ = {isa = PBXFileReference; lastKnownFileType = sourcecode.swift; path = Double.swift; sourceTree = "<group>"; };
		AA588ED22F7B41240024CA11 /* MarketDataService.swift */ = {isa = PBXFileReference; lastKnownFileType = sourcecode.swift; path = MarketDataService.swift; sourceTree = "<group>"; };
		AA588ED42F7B41940024CA11 /* MarketDataModel.swift */ = {isa = PBXFileReference; lastKnownFileType = sourcecode.swift; path = MarketDataModel.swift; sourceTree = "<group>"; };
		AA588ED62F7B5FCA0024CA11 /* PortfolioView.swift */ = {isa = PBXFileReference; lastKnownFileType = sourcecode.swift; path = PortfolioView.swift; sourceTree = "<group>"; };
		AA588ED82F7B61950024CA11 /* XMarkButton.swift */ = {isa = PBXFileReference; lastKnownFileType = sourcecode.swift; path = XMarkButton.swift; sourceTree = "<group>"; };
		AA588EDA2F7B68F10024CA11 /* CoinLogoView.swift */ = {isa = PBXFileReference; lastKnownFileType = sourcecode.swift; path = CoinLogoView.swift; sourceTree = "<group>"; };
		AA5892EE2F6E26F40073EFE3 /* Crypto.app */ = {isa = PBXFileReference; explicitFileType = wrapper.application; includeInIndex = 0; path = Crypto.app; sourceTree = BUILT_PRODUCTS_DIR; };
		AA5892F12F6E26F40073EFE3 /* CryptoApp.swift */ = {isa = PBXFileReference; lastKnownFileType = sourcecode.swift; path = CryptoApp.swift; sourceTree = "<group>"; };
		AA5892F52F6E26F50073EFE3 /* Assets.xcassets */ = {isa = PBXFileReference; lastKnownFileType = folder.assetcatalog; path = Assets.xcassets; sourceTree = "<group>"; };
		AA5892F82F6E26F50073EFE3 /* Preview Assets.xcassets */ = {isa = PBXFileReference; lastKnownFileType = folder.assetcatalog; path = "Preview Assets.xcassets"; sourceTree = "<group>"; };
		AA5893002F6E288B0073EFE3 /* Color.swift */ = {isa = PBXFileReference; lastKnownFileType = sourcecode.swift; path = Color.swift; sourceTree = "<group>"; };
		AA5893082F6E37620073EFE3 /* HomeView.swift */ = {isa = PBXFileReference; lastKnownFileType = sourcecode.swift; path = HomeView.swift; sourceTree = "<group>"; };
		AA58930A2F6E38A60073EFE3 /* CircleButtonView.swift */ = {isa = PBXFileReference; lastKnownFileType = sourcecode.swift; path = CircleButtonView.swift; sourceTree = "<group>"; };
		AA58930C2F6E3CE00073EFE3 /* CircleButtonAnimation.swift */ = {isa = PBXFileReference; lastKnownFileType = sourcecode.swift; path = CircleButtonAnimation.swift; sourceTree = "<group>"; };
		AA8B9D632F78B2FF0070C0A1 /* CoinImageView.swift */ = {isa = PBXFileReference; lastKnownFileType = sourcecode.swift; path = CoinImageView.swift; sourceTree = "<group>"; };
		AA8B9D652F78B31B0070C0A1 /* CoinImageViewModel.swift */ = {isa = PBXFileReference; lastKnownFileType = sourcecode.swift; path = CoinImageViewModel.swift; sourceTree = "<group>"; };
		AA8B9D672F78B3DE0070C0A1 /* CoinImageService.swift */ = {isa = PBXFileReference; lastKnownFileType = sourcecode.swift; path = CoinImageService.swift; sourceTree = "<group>"; };
		AA8B9D692F79D97E0070C0A1 /* LocalFileManager.swift */ = {isa = PBXFileReference; lastKnownFileType = sourcecode.swift; path = LocalFileManager.swift; sourceTree = "<group>"; };
		AA8B9D6B2F79F2B00070C0A1 /* SearchBarView.swift */ = {isa = PBXFileReference; lastKnownFileType = sourcecode.swift; path = SearchBarView.swift; sourceTree = "<group>"; };
		AA8B9D6D2F79F6A60070C0A1 /* UIApplication.swift */ = {isa = PBXFileReference; lastKnownFileType = sourcecode.swift; path = UIApplication.swift; sourceTree = "<group>"; };
		AA8B9D6F2F7A14D20070C0A1 /* StatisticModel.swift */ = {isa = PBXFileReference; lastKnownFileType = sourcecode.swift; path = StatisticModel.swift; sourceTree = "<group>"; };
		AA8B9D712F7A156D0070C0A1 /* StatisticView.swift */ = {isa = PBXFileReference; lastKnownFileType = sourcecode.swift; path = StatisticView.swift; sourceTree = "<group>"; };
		AA8B9D732F7A1B360070C0A1 /* HomeStatsView.swift */ = {isa = PBXFileReference; lastKnownFileType = sourcecode.swift; path = HomeStatsView.swift; sourceTree = "<group>"; };
		AA979E922F820D4400B6493B /* DetailView.swift */ = {isa = PBXFileReference; lastKnownFileType = sourcecode.swift; path = DetailView.swift; sourceTree = "<group>"; };
		AA979E942F820D5600B6493B /* LoadingDetailView.swift */ = {isa = PBXFileReference; lastKnownFileType = sourcecode.swift; path = LoadingDetailView.swift; sourceTree = "<group>"; };
		AAD70D092F87F9E600B5F809 /* SettingsView.swift */ = {isa = PBXFileReference; lastKnownFileType = sourcecode.swift; path = SettingsView.swift; sourceTree = "<group>"; };
		AAF9F1D02F7E078600FB9B3B /* HapticManager.swift */ = {isa = PBXFileReference; lastKnownFileType = sourcecode.swift; path = HapticManager.swift; sourceTree = "<group>"; };
		AAFAAD3F2F840E8100CF2302 /* ChartView.swift */ = {isa = PBXFileReference; lastKnownFileType = sourcecode.swift; path = ChartView.swift; sourceTree = "<group>"; };
		AAFAAD412F84508500CF2302 /* Date.swift */ = {isa = PBXFileReference; lastKnownFileType = sourcecode.swift; path = Date.swift; sourceTree = "<group>"; };
		AAFAAD432F8473C200CF2302 /* String.swift */ = {isa = PBXFileReference; lastKnownFileType = sourcecode.swift; path = String.swift; sourceTree = "<group>"; };
/* End PBXFileReference section */

/* Begin PBXFrameworksBuildPhase section */
		AA5892EB2F6E26F40073EFE3 /* Frameworks */ = {
			isa = PBXFrameworksBuildPhase;
			buildActionMask = 2147483647;
			files = (
			);
			runOnlyForDeploymentPostprocessing = 0;
		};
/* End PBXFrameworksBuildPhase section */

/* Begin PBXGroup section */
		AA3D6B7E2F8C2C0100FB3F52 /* Launch */ = {
			isa = PBXGroup;
			children = (
				AA3D6B7F2F8C2C2100FB3F52 /* Views */,
			);
			path = Launch;
			sourceTree = "<group>";
		};
		AA3D6B7F2F8C2C2100FB3F52 /* Views */ = {
			isa = PBXGroup;
			children = (
				AA3D6B802F8C2C3400FB3F52 /* Launch Screen.storyboard */,
				AA3D6B822F8C2E8000FB3F52 /* LaunchView.swift */,
			);
			path = Views;
			sourceTree = "<group>";
		};
		AA3EE5E52F72021300594EA2 /* Services */ = {
			isa = PBXGroup;
			children = (
				AA3EE5E62F72022A00594EA2 /* CoinDataService.swift */,
				AA023BE12F834D4900D6266A /* CoinDetailDataService.swift */,
				AA8B9D672F78B3DE0070C0A1 /* CoinImageService.swift */,
				AA588ED22F7B41240024CA11 /* MarketDataService.swift */,
				AA431C062F7C241E0027C239 /* PortfolioDataService.swift */,
			);
			path = Services;
			sourceTree = "<group>";
		};
		AA3EE5E82F721FBE00594EA2 /* Utilities */ = {
			isa = PBXGroup;
			children = (
				AA3EE5E92F721FD500594EA2 /* NetworkingManager.swift */,
				AA8B9D692F79D97E0070C0A1 /* LocalFileManager.swift */,
				AAF9F1D02F7E078600FB9B3B /* HapticManager.swift */,
			);
			path = Utilities;
			sourceTree = "<group>";
		};
		AA50EDFA2F6F6B9000C06D07 /* Models */ = {
			isa = PBXGroup;
			children = (
				AA50EDFB2F6F6BAD00C06D07 /* CoinModel.swift */,
				AA023BDF2F834B6100D6266A /* CoinDetailModel.swift */,
				AA8B9D6F2F7A14D20070C0A1 /* StatisticModel.swift */,
				AA588ED42F7B41940024CA11 /* MarketDataModel.swift */,
				AA431C032F7C230E0027C239 /* PortfolioContainer.xcdatamodeld */,
			);
			path = Models;
			sourceTree = "<group>";
		};
		AA5892E52F6E26F30073EFE3 = {
			isa = PBXGroup;
			children = (
				AA5892F02F6E26F40073EFE3 /* Crypto */,
				AA5892EF2F6E26F40073EFE3 /* Products */,
			);
			sourceTree = "<group>";
		};
		AA5892EF2F6E26F40073EFE3 /* Products */ = {
			isa = PBXGroup;
			children = (
				AA5892EE2F6E26F40073EFE3 /* Crypto.app */,
			);
			name = Products;
			sourceTree = "<group>";
		};
		AA5892F02F6E26F40073EFE3 /* Crypto */ = {
			isa = PBXGroup;
			children = (
				AA5892F12F6E26F40073EFE3 /* CryptoApp.swift */,
				AA3EE5E82F721FBE00594EA2 /* Utilities */,
				AA5892FF2F6E287B0073EFE3 /* Extensions */,
				AA3EE5E52F72021300594EA2 /* Services */,
				AA50EDFA2F6F6B9000C06D07 /* Models */,
				AA5893022F6E37260073EFE3 /* Core */,
				AA5892F52F6E26F50073EFE3 /* Assets.xcassets */,
				AA5892F72F6E26F50073EFE3 /* Preview Content */,
			);
			path = Crypto;
			sourceTree = "<group>";
		};
		AA5892F72F6E26F50073EFE3 /* Preview Content */ = {
			isa = PBXGroup;
			children = (
				AA5892F82F6E26F50073EFE3 /* Preview Assets.xcassets */,
			);
			path = "Preview Content";
			sourceTree = "<group>";
		};
		AA5892FF2F6E287B0073EFE3 /* Extensions */ = {
			isa = PBXGroup;
			children = (
				AA5893002F6E288B0073EFE3 /* Color.swift */,
				AA50EDFF2F6F88D200C06D07 /* Double.swift */,
				AA8B9D6D2F79F6A60070C0A1 /* UIApplication.swift */,
				AA023BE52F8368DB00D6266A /* PreviewProvider.swift */,
				AAFAAD412F84508500CF2302 /* Date.swift */,
				AAFAAD432F8473C200CF2302 /* String.swift */,
			);
			path = Extensions;
			sourceTree = "<group>";
		};
		AA5893022F6E37260073EFE3 /* Core */ = {
			isa = PBXGroup;
			children = (
				AA5893032F6E372D0073EFE3 /* Components */,
				AA3D6B7E2F8C2C0100FB3F52 /* Launch */,
				AA5893042F6E37380073EFE3 /* Home */,
				AA979E8F2F820D2400B6493B /* DetailView */,
				AAD70D082F87F9A100B5F809 /* SettingsView */,
			);
			path = Core;
			sourceTree = "<group>";
		};
		AA5893032F6E372D0073EFE3 /* Components */ = {
			isa = PBXGroup;
			children = (
				AA8B9D622F78B2E10070C0A1 /* CoinImage */,
				AA5893072F6E374D0073EFE3 /* CircleButton */,
				AA8B9D6B2F79F2B00070C0A1 /* SearchBarView.swift */,
				AA8B9D712F7A156D0070C0A1 /* StatisticView.swift */,
				AA588ED82F7B61950024CA11 /* XMarkButton.swift */,
			);
			path = Components;
			sourceTree = "<group>";
		};
		AA5893042F6E37380073EFE3 /* Home */ = {
			isa = PBXGroup;
			children = (
				AA5893062F6E37440073EFE3 /* ViewModels */,
				AA5893052F6E373F0073EFE3 /* Views */,
			);
			path = Home;
			sourceTree = "<group>";
		};
		AA5893052F6E373F0073EFE3 /* Views */ = {
			isa = PBXGroup;
			children = (
				AA5893082F6E37620073EFE3 /* HomeView.swift */,
				AA8B9D732F7A1B360070C0A1 /* HomeStatsView.swift */,
				AA50EDFD2F6F874B00C06D07 /* CoinRowView.swift */,
				AA588ED62F7B5FCA0024CA11 /* PortfolioView.swift */,
			);
			path = Views;
			sourceTree = "<group>";
		};
		AA5893062F6E37440073EFE3 /* ViewModels */ = {
			isa = PBXGroup;
			children = (
				AA3EE5E32F71EEA300594EA2 /* HomeViewModel.swift */,
			);
			path = ViewModels;
			sourceTree = "<group>";
		};
		AA5893072F6E374D0073EFE3 /* CircleButton */ = {
			isa = PBXGroup;
			children = (
				AA58930A2F6E38A60073EFE3 /* CircleButtonView.swift */,
				AA58930C2F6E3CE00073EFE3 /* CircleButtonAnimation.swift */,
			);
			path = CircleButton;
			sourceTree = "<group>";
		};
		AA8B9D622F78B2E10070C0A1 /* CoinImage */ = {
			isa = PBXGroup;
			children = (
				AA8B9D632F78B2FF0070C0A1 /* CoinImageView.swift */,
				AA8B9D652F78B31B0070C0A1 /* CoinImageViewModel.swift */,
				AA588EDA2F7B68F10024CA11 /* CoinLogoView.swift */,
			);
			path = CoinImage;
			sourceTree = "<group>";
		};
		AA979E8F2F820D2400B6493B /* DetailView */ = {
			isa = PBXGroup;
			children = (
				AA979E912F820D3300B6493B /* ViewModels */,
				AA979E902F820D2B00B6493B /* Views */,
			);
			path = DetailView;
			sourceTree = "<group>";
		};
		AA979E902F820D2B00B6493B /* Views */ = {
			isa = PBXGroup;
			children = (
				AA979E922F820D4400B6493B /* DetailView.swift */,
				AA979E942F820D5600B6493B /* LoadingDetailView.swift */,
				AAFAAD3F2F840E8100CF2302 /* ChartView.swift */,
			);
			path = Views;
			sourceTree = "<group>";
		};
		AA979E912F820D3300B6493B /* ViewModels */ = {
			isa = PBXGroup;
			children = (
				AA023BE32F834EBC00D6266A /* DetailViewModel.swift */,
			);
			path = ViewModels;
			sourceTree = "<group>";
		};
		AAD70D082F87F9A100B5F809 /* SettingsView */ = {
			isa = PBXGroup;
			children = (
				AAD70D092F87F9E600B5F809 /* SettingsView.swift */,
			);
			path = SettingsView;
			sourceTree = "<group>";
		};
/* End PBXGroup section */

/* Begin PBXNativeTarget section */
		AA5892ED2F6E26F40073EFE3 /* Crypto */ = {
			isa = PBXNativeTarget;
			buildConfigurationList = AA5892FC2F6E26F50073EFE3 /* Build configuration list for PBXNativeTarget "Crypto" */;
			buildPhases = (
				AA5892EA2F6E26F40073EFE3 /* Sources */,
				AA5892EB2F6E26F40073EFE3 /* Frameworks */,
				AA5892EC2F6E26F40073EFE3 /* Resources */,
			);
			buildRules = (
			);
			dependencies = (
			);
			name = Crypto;
			productName = Crypto;
			productReference = AA5892EE2F6E26F40073EFE3 /* Crypto.app */;
			productType = "com.apple.product-type.application";
		};
/* End PBXNativeTarget section */

/* Begin PBXProject section */
		AA5892E62F6E26F30073EFE3 /* Project object */ = {
			isa = PBXProject;
			attributes = {
				BuildIndependentTargetsInParallel = 1;
				LastSwiftUpdateCheck = 1540;
				LastUpgradeCheck = 1540;
				TargetAttributes = {
					AA5892ED2F6E26F40073EFE3 = {
						CreatedOnToolsVersion = 15.4;
					};
				};
			};
			buildConfigurationList = AA5892E92F6E26F30073EFE3 /* Build configuration list for PBXProject "Crypto" */;
			compatibilityVersion = "Xcode 14.0";
			developmentRegion = en;
			hasScannedForEncodings = 0;
			knownRegions = (
				en,
				Base,
			);
			mainGroup = AA5892E52F6E26F30073EFE3;
			productRefGroup = AA5892EF2F6E26F40073EFE3 /* Products */;
			projectDirPath = "";
			projectRoot = "";
			targets = (
				AA5892ED2F6E26F40073EFE3 /* Crypto */,
			);
		};
/* End PBXProject section */

/* Begin PBXResourcesBuildPhase section */
		AA5892EC2F6E26F40073EFE3 /* Resources */ = {
			isa = PBXResourcesBuildPhase;
			buildActionMask = 2147483647;
			files = (
				AA3D6B812F8C2C3400FB3F52 /* Launch Screen.storyboard in Resources */,
				AA5892F92F6E26F50073EFE3 /* Preview Assets.xcassets in Resources */,
				AA5892F62F6E26F50073EFE3 /* Assets.xcassets in Resources */,
			);
			runOnlyForDeploymentPostprocessing = 0;
		};
/* End PBXResourcesBuildPhase section */

/* Begin PBXSourcesBuildPhase section */
		AA5892EA2F6E26F40073EFE3 /* Sources */ = {
			isa = PBXSourcesBuildPhase;
			buildActionMask = 2147483647;
			files = (
				AA5893092F6E37620073EFE3 /* HomeView.swift in Sources */,
				AA431C072F7C241E0027C239 /* PortfolioDataService.swift in Sources */,
				AAF9F1D12F7E078600FB9B3B /* HapticManager.swift in Sources */,
				AAFAAD402F840E8100CF2302 /* ChartView.swift in Sources */,
				AA588EDB2F7B68F10024CA11 /* CoinLogoView.swift in Sources */,
				AA3EE5E42F71EEA300594EA2 /* HomeViewModel.swift in Sources */,
				AA8B9D6A2F79D97E0070C0A1 /* LocalFileManager.swift in Sources */,
				AAFAAD422F84508500CF2302 /* Date.swift in Sources */,
				AA979E952F820D5600B6493B /* LoadingDetailView.swift in Sources */,
				AA5892F22F6E26F40073EFE3 /* CryptoApp.swift in Sources */,
				AA023BE02F834B6100D6266A /* CoinDetailModel.swift in Sources */,
				AA8B9D6C2F79F2B00070C0A1 /* SearchBarView.swift in Sources */,
				AA588ED32F7B41240024CA11 /* MarketDataService.swift in Sources */,
				AA50EE002F6F88D200C06D07 /* Double.swift in Sources */,
				AA58930D2F6E3CE00073EFE3 /* CircleButtonAnimation.swift in Sources */,
				AA8B9D642F78B2FF0070C0A1 /* CoinImageView.swift in Sources */,
				AA3D6B832F8C2E8000FB3F52 /* LaunchView.swift in Sources */,
				AA58930B2F6E38A60073EFE3 /* CircleButtonView.swift in Sources */,
				AA8B9D742F7A1B360070C0A1 /* HomeStatsView.swift in Sources */,
				AA588ED92F7B61950024CA11 /* XMarkButton.swift in Sources */,
				AA979E932F820D4400B6493B /* DetailView.swift in Sources */,
				AA50EDFC2F6F6BAD00C06D07 /* CoinModel.swift in Sources */,
				AA3EE5EA2F721FD500594EA2 /* NetworkingManager.swift in Sources */,
				AA588ED52F7B41940024CA11 /* MarketDataModel.swift in Sources */,
				AA8B9D6E2F79F6A60070C0A1 /* UIApplication.swift in Sources */,
				AA50EDFE2F6F874B00C06D07 /* CoinRowView.swift in Sources */,
				AA588ED72F7B5FCA0024CA11 /* PortfolioView.swift in Sources */,
				AA8B9D722F7A156D0070C0A1 /* StatisticView.swift in Sources */,
				AAFAAD442F8473C200CF2302 /* String.swift in Sources */,
				AA3EE5E72F72022A00594EA2 /* CoinDataService.swift in Sources */,
				AA5893012F6E288B0073EFE3 /* Color.swift in Sources */,
				AA023BE62F8368DB00D6266A /* PreviewProvider.swift in Sources */,
				AA431C052F7C230E0027C239 /* PortfolioContainer.xcdatamodeld in Sources */,
				AA8B9D682F78B3DE0070C0A1 /* CoinImageService.swift in Sources */,
				AA023BE22F834D4900D6266A /* CoinDetailDataService.swift in Sources */,
				AA8B9D702F7A14D20070C0A1 /* StatisticModel.swift in Sources */,
				AA023BE42F834EBC00D6266A /* DetailViewModel.swift in Sources */,
				AA8B9D662F78B31B0070C0A1 /* CoinImageViewModel.swift in Sources */,
				AAD70D0A2F87F9E600B5F809 /* SettingsView.swift in Sources */,
			);
			runOnlyForDeploymentPostprocessing = 0;
		};
/* End PBXSourcesBuildPhase section */

/* Begin XCBuildConfiguration section */
		AA5892FA2F6E26F50073EFE3 /* Debug */ = {
			isa = XCBuildConfiguration;
			buildSettings = {
				ALWAYS_SEARCH_USER_PATHS = NO;
				ASSETCATALOG_COMPILER_GENERATE_SWIFT_ASSET_SYMBOL_EXTENSIONS = YES;
				CLANG_ANALYZER_NONNULL = YES;
				CLANG_ANALYZER_NUMBER_OBJECT_CONVERSION = YES_AGGRESSIVE;
				CLANG_CXX_LANGUAGE_STANDARD = "gnu++20";
				CLANG_ENABLE_MODULES = YES;
				CLANG_ENABLE_OBJC_ARC = YES;
				CLANG_ENABLE_OBJC_WEAK = YES;
				CLANG_WARN_BLOCK_CAPTURE_AUTORELEASING = YES;
				CLANG_WARN_BOOL_CONVERSION = YES;
				CLANG_WARN_COMMA = YES;
				CLANG_WARN_CONSTANT_CONVERSION = YES;
				CLANG_WARN_DEPRECATED_OBJC_IMPLEMENTATIONS = YES;
				CLANG_WARN_DIRECT_OBJC_ISA_USAGE = YES_ERROR;
				CLANG_WARN_DOCUMENTATION_COMMENTS = YES;
				CLANG_WARN_EMPTY_BODY = YES;
				CLANG_WARN_ENUM_CONVERSION = YES;
				CLANG_WARN_INFINITE_RECURSION = YES;
				CLANG_WARN_INT_CONVERSION = YES;
				CLANG_WARN_NON_LITERAL_NULL_CONVERSION = YES;
				CLANG_WARN_OBJC_IMPLICIT_RETAIN_SELF = YES;
				CLANG_WARN_OBJC_LITERAL_CONVERSION = YES;
				CLANG_WARN_OBJC_ROOT_CLASS = YES_ERROR;
				CLANG_WARN_QUOTED_INCLUDE_IN_FRAMEWORK_HEADER = YES;
				CLANG_WARN_RANGE_LOOP_ANALYSIS = YES;
				CLANG_WARN_STRICT_PROTOTYPES = YES;
				CLANG_WARN_SUSPICIOUS_MOVE = YES;
				CLANG_WARN_UNGUARDED_AVAILABILITY = YES_AGGRESSIVE;
				CLANG_WARN_UNREACHABLE_CODE = YES;
				CLANG_WARN__DUPLICATE_METHOD_MATCH = YES;
				COPY_PHASE_STRIP = NO;
				DEBUG_INFORMATION_FORMAT = dwarf;
				ENABLE_STRICT_OBJC_MSGSEND = YES;
				ENABLE_TESTABILITY = YES;
				ENABLE_USER_SCRIPT_SANDBOXING = YES;
				GCC_C_LANGUAGE_STANDARD = gnu17;
				GCC_DYNAMIC_NO_PIC = NO;
				GCC_NO_COMMON_BLOCKS = YES;
				GCC_OPTIMIZATION_LEVEL = 0;
				GCC_PREPROCESSOR_DEFINITIONS = (
					"DEBUG=1",
					"$(inherited)",
				);
				GCC_WARN_64_TO_32_BIT_CONVERSION = YES;
				GCC_WARN_ABOUT_RETURN_TYPE = YES_ERROR;
				GCC_WARN_UNDECLARED_SELECTOR = YES;
				GCC_WARN_UNINITIALIZED_AUTOS = YES_AGGRESSIVE;
				GCC_WARN_UNUSED_FUNCTION = YES;
				GCC_WARN_UNUSED_VARIABLE = YES;
				IPHONEOS_DEPLOYMENT_TARGET = 17.5;
				LOCALIZATION_PREFERS_STRING_CATALOGS = YES;
				MTL_ENABLE_DEBUG_INFO = INCLUDE_SOURCE;
				MTL_FAST_MATH = YES;
				ONLY_ACTIVE_ARCH = YES;
				SDKROOT = iphoneos;
				SWIFT_ACTIVE_COMPILATION_CONDITIONS = "DEBUG $(inherited)";
				SWIFT_OPTIMIZATION_LEVEL = "-Onone";
			};
			name = Debug;
		};
		AA5892FB2F6E26F50073EFE3 /* Release */ = {
			isa = XCBuildConfiguration;
			buildSettings = {
				ALWAYS_SEARCH_USER_PATHS = NO;
				ASSETCATALOG_COMPILER_GENERATE_SWIFT_ASSET_SYMBOL_EXTENSIONS = YES;
				CLANG_ANALYZER_NONNULL = YES;
				CLANG_ANALYZER_NUMBER_OBJECT_CONVERSION = YES_AGGRESSIVE;
				CLANG_CXX_LANGUAGE_STANDARD = "gnu++20";
				CLANG_ENABLE_MODULES = YES;
				CLANG_ENABLE_OBJC_ARC = YES;
				CLANG_ENABLE_OBJC_WEAK = YES;
				CLANG_WARN_BLOCK_CAPTURE_AUTORELEASING = YES;
				CLANG_WARN_BOOL_CONVERSION = YES;
				CLANG_WARN_COMMA = YES;
				CLANG_WARN_CONSTANT_CONVERSION = YES;
				CLANG_WARN_DEPRECATED_OBJC_IMPLEMENTATIONS = YES;
				CLANG_WARN_DIRECT_OBJC_ISA_USAGE = YES_ERROR;
				CLANG_WARN_DOCUMENTATION_COMMENTS = YES;
				CLANG_WARN_EMPTY_BODY = YES;
				CLANG_WARN_ENUM_CONVERSION = YES;
				CLANG_WARN_INFINITE_RECURSION = YES;
				CLANG_WARN_INT_CONVERSION = YES;
				CLANG_WARN_NON_LITERAL_NULL_CONVERSION = YES;
				CLANG_WARN_OBJC_IMPLICIT_RETAIN_SELF = YES;
				CLANG_WARN_OBJC_LITERAL_CONVERSION = YES;
				CLANG_WARN_OBJC_ROOT_CLASS = YES_ERROR;
				CLANG_WARN_QUOTED_INCLUDE_IN_FRAMEWORK_HEADER = YES;
				CLANG_WARN_RANGE_LOOP_ANALYSIS = YES;
				CLANG_WARN_STRICT_PROTOTYPES = YES;
				CLANG_WARN_SUSPICIOUS_MOVE = YES;
				CLANG_WARN_UNGUARDED_AVAILABILITY = YES_AGGRESSIVE;
				CLANG_WARN_UNREACHABLE_CODE = YES;
				CLANG_WARN__DUPLICATE_METHOD_MATCH = YES;
				COPY_PHASE_STRIP = NO;
				DEBUG_INFORMATION_FORMAT = "dwarf-with-dsym";
				ENABLE_NS_ASSERTIONS = NO;
				ENABLE_STRICT_OBJC_MSGSEND = YES;
				ENABLE_USER_SCRIPT_SANDBOXING = YES;
				GCC_C_LANGUAGE_STANDARD = gnu17;
				GCC_NO_COMMON_BLOCKS = YES;
				GCC_WARN_64_TO_32_BIT_CONVERSION = YES;
				GCC_WARN_ABOUT_RETURN_TYPE = YES_ERROR;
				GCC_WARN_UNDECLARED_SELECTOR = YES;
				GCC_WARN_UNINITIALIZED_AUTOS = YES_AGGRESSIVE;
				GCC_WARN_UNUSED_FUNCTION = YES;
				GCC_WARN_UNUSED_VARIABLE = YES;
				IPHONEOS_DEPLOYMENT_TARGET = 17.5;
				LOCALIZATION_PREFERS_STRING_CATALOGS = YES;
				MTL_ENABLE_DEBUG_INFO = NO;
				MTL_FAST_MATH = YES;
				SDKROOT = iphoneos;
				SWIFT_COMPILATION_MODE = wholemodule;
				VALIDATE_PRODUCT = YES;
			};
			name = Release;
		};
		AA5892FD2F6E26F50073EFE3 /* Debug */ = {
			isa = XCBuildConfiguration;
			buildSettings = {
				ASSETCATALOG_COMPILER_APPICON_NAME = AppIcon;
				ASSETCATALOG_COMPILER_GLOBAL_ACCENT_COLOR_NAME = AccentColor;
				CODE_SIGN_STYLE = Automatic;
				CURRENT_PROJECT_VERSION = 1;
				DEVELOPMENT_ASSET_PATHS = "\"Crypto/Preview Content\"";
				DEVELOPMENT_TEAM = L3G4XRBRZ4;
				ENABLE_PREVIEWS = YES;
				GENERATE_INFOPLIST_FILE = YES;
				INFOPLIST_KEY_CFBundleDisplayName = Crypto;
				INFOPLIST_KEY_UIApplicationSceneManifest_Generation = YES;
				INFOPLIST_KEY_UIApplicationSupportsIndirectInputEvents = YES;
				INFOPLIST_KEY_UILaunchScreen_Generation = YES;
				INFOPLIST_KEY_UILaunchStoryboardName = "Launch Screen.storyboard";
				INFOPLIST_KEY_UISupportedInterfaceOrientations = UIInterfaceOrientationPortrait;
				INFOPLIST_KEY_UISupportedInterfaceOrientations_iPad = "UIInterfaceOrientationLandscapeLeft UIInterfaceOrientationLandscapeRight UIInterfaceOrientationPortrait UIInterfaceOrientationPortraitUpsideDown";
				LD_RUNPATH_SEARCH_PATHS = (
					"$(inherited)",
					"@executable_path/Frameworks",
				);
				MARKETING_VERSION = 1.0;
				PRODUCT_BUNDLE_IDENTIFIER = nafe3.Crypto;
				PRODUCT_NAME = "$(TARGET_NAME)";
				SUPPORTED_PLATFORMS = "iphoneos iphonesimulator";
				SUPPORTS_MACCATALYST = NO;
				SUPPORTS_MAC_DESIGNED_FOR_IPHONE_IPAD = NO;
				SUPPORTS_XR_DESIGNED_FOR_IPHONE_IPAD = NO;
				SWIFT_EMIT_LOC_STRINGS = YES;
				SWIFT_VERSION = 5.0;
				TARGETED_DEVICE_FAMILY = "1,2";
			};
			name = Debug;
		};
		AA5892FE2F6E26F50073EFE3 /* Release */ = {
			isa = XCBuildConfiguration;
			buildSettings = {
				ASSETCATALOG_COMPILER_APPICON_NAME = AppIcon;
				ASSETCATALOG_COMPILER_GLOBAL_ACCENT_COLOR_NAME = AccentColor;
				CODE_SIGN_STYLE = Automatic;
				CURRENT_PROJECT_VERSION = 1;
				DEVELOPMENT_ASSET_PATHS = "\"Crypto/Preview Content\"";
				DEVELOPMENT_TEAM = L3G4XRBRZ4;
				ENABLE_PREVIEWS = YES;
				GENERATE_INFOPLIST_FILE = YES;
				INFOPLIST_KEY_CFBundleDisplayName = Crypto;
				INFOPLIST_KEY_UIApplicationSceneManifest_Generation = YES;
				INFOPLIST_KEY_UIApplicationSupportsIndirectInputEvents = YES;
				INFOPLIST_KEY_UILaunchScreen_Generation = YES;
				INFOPLIST_KEY_UILaunchStoryboardName = "Launch Screen.storyboard";
				INFOPLIST_KEY_UISupportedInterfaceOrientations = UIInterfaceOrientationPortrait;
				INFOPLIST_KEY_UISupportedInterfaceOrientations_iPad = "UIInterfaceOrientationLandscapeLeft UIInterfaceOrientationLandscapeRight UIInterfaceOrientationPortrait UIInterfaceOrientationPortraitUpsideDown";
				LD_RUNPATH_SEARCH_PATHS = (
					"$(inherited)",
					"@executable_path/Frameworks",
				);
				MARKETING_VERSION = 1.0;
				PRODUCT_BUNDLE_IDENTIFIER = nafe3.Crypto;
				PRODUCT_NAME = "$(TARGET_NAME)";
				SUPPORTED_PLATFORMS = "iphoneos iphonesimulator";
				SUPPORTS_MACCATALYST = NO;
				SUPPORTS_MAC_DESIGNED_FOR_IPHONE_IPAD = NO;
				SUPPORTS_XR_DESIGNED_FOR_IPHONE_IPAD = NO;
				SWIFT_EMIT_LOC_STRINGS = YES;
				SWIFT_VERSION = 5.0;
				TARGETED_DEVICE_FAMILY = "1,2";
			};
			name = Release;
		};
/* End XCBuildConfiguration section */

/* Begin XCConfigurationList section */
		AA5892E92F6E26F30073EFE3 /* Build configuration list for PBXProject "Crypto" */ = {
			isa = XCConfigurationList;
			buildConfigurations = (
				AA5892FA2F6E26F50073EFE3 /* Debug */,
				AA5892FB2F6E26F50073EFE3 /* Release */,
			);
			defaultConfigurationIsVisible = 0;
			defaultConfigurationName = Release;
		};
		AA5892FC2F6E26F50073EFE3 /* Build configuration list for PBXNativeTarget "Crypto" */ = {
			isa = XCConfigurationList;
			buildConfigurations = (
				AA5892FD2F6E26F50073EFE3 /* Debug */,
				AA5892FE2F6E26F50073EFE3 /* Release */,
			);
			defaultConfigurationIsVisible = 0;
			defaultConfigurationName = Release;
		};
/* End XCConfigurationList section */

/* Begin XCVersionGroup section */
		AA431C032F7C230E0027C239 /* PortfolioContainer.xcdatamodeld */ = {
			isa = XCVersionGroup;
			children = (
				AA431C042F7C230E0027C239 /* PortfolioContainer.xcdatamodel */,
			);
			currentVersion = AA431C042F7C230E0027C239 /* PortfolioContainer.xcdatamodel */;
			name = PortfolioContainer.xcdatamodeld;
			path = /Users/nafeaelkassas/Desktop/xCode/Crypto/Crypto/Models/PortfolioContainer.xcdatamodeld;
			sourceTree = "<group>";
			versionGroupType = wrapper.xcdatamodel;
		};
/* End XCVersionGroup section */
	};
	rootObject = AA5892E62F6E26F30073EFE3 /* Project object */;
}
